
Microsoft Visual Studio Solution File, Format Version 12.00
# Visual Studio Version 16
VisualStudioVersion = 16.0.32510.428
MinimumVisualStudioVersion = 10.0.40219.1
Project("{FAE04EC0-301F-11D3-BF4B-00C04F79EFBC}") = "NxGN_WebApp", "NxGN_WebApp\NxGN_WebApp.csproj", "{D0333932-92C4-4EB8-9047-1D6F09E3E436}"
EndProject
Global
	GlobalSection(SolutionConfigurationPlatforms) = preSolution
		Debug|Any CPU = Debug|Any CPU
		Release|Any CPU = Release|Any CPU
	EndGlobalSection
	GlobalSection(ProjectConfigurationPlatforms) = postSolution
		{D0333932-92C4-4EB8-9047-1D6F09E3E436}.Debug|Any CPU.ActiveCfg = Debug|Any CPU
		{D0333932-92C4-4EB8-9047-1D6F09E3E436}.Debug|Any CPU.Build.0 = Debug|Any CPU
		{D0333932-92C4-4EB8-9047-1D6F09E3E436}.Release|Any CPU.ActiveCfg = Release|Any CPU
		{D0333932-92C4-4EB8-9047-1D6F09E3E436}.Release|Any CPU.Build.0 = Release|Any CPU
	EndGlobalSection
	GlobalSection(SolutionProperties) = preSolution
		HideSolutionNode = FALSE
	EndGlobalSection
	GlobalSection(ExtensibilityGlobals) = postSolution
		SolutionGuid = {E78CFB79-0474-4C12-AC02-AE44E6FDFF51}
	EndGlobalSection
EndGlobal
